
Microsoft Visual Studio Solution File, Format Version 12.00
# Visual Studio Version 16
VisualStudioVersion = 16.0.29411.108
MinimumVisualStudioVersion = 10.0.40219.1
Project("{FAE04EC0-301F-11D3-BF4B-00C04F79EFBC}") = "Try", "Try\Try.csproj", "{9973EADC-ECF0-432C-8433-6E505AE05FAA}"
EndProject
Global
	GlobalSection(SolutionConfigurationPlatforms) = preSolution
		Debug|Any CPU = Debug|Any CPU
		Release|Any CPU = Release|Any CPU
	EndGlobalSection
	GlobalSection(ProjectConfigurationPlatforms) = postSolution
		{9973EADC-ECF0-432C-8433-6E505AE05FAA}.Debug|Any CPU.ActiveCfg = Debug|Any CPU
		{9973EADC-ECF0-432C-8433-6E505AE05FAA}.Debug|Any CPU.Build.0 = Debug|Any CPU
		{9973EADC-ECF0-432C-8433-6E505AE05FAA}.Release|Any CPU.ActiveCfg = Release|Any CPU
		{9973EADC-ECF0-432C-8433-6E505AE05FAA}.Release|Any CPU.Build.0 = Release|Any CPU
	EndGlobalSection
	GlobalSection(SolutionProperties) = preSolution
		HideSolutionNode = FALSE
	EndGlobalSection
	GlobalSection(ExtensibilityGlobals) = postSolution
		SolutionGuid = {771E9CF9-C64B-4090-889F-2E687A4F294E}
	EndGlobalSection
EndGlobal
